
Microsoft Visual Studio Solution File, Format Version 12.00
# Visual Studio Version 16
VisualStudioVersion = 16.0.31410.357
MinimumVisualStudioVersion = 10.0.40219.1
Project("{FAE04EC0-301F-11D3-BF4B-00C04F79EFBC}") = "RegistryTools", "RegistryTools\RegistryTools.csproj", "{F49D29B5-63FE-4A5E-B20C-D7B785FCE9BC}"
EndProject
Project("{FAE04EC0-301F-11D3-BF4B-00C04F79EFBC}") = "SnippetLibrary", "SnippetLibrary\SnippetLibrary.csproj", "{05A6F322-8297-4D9F-B91C-5B77CA1064D8}"
EndProject
Project("{FAE04EC0-301F-11D3-BF4B-00C04F79EFBC}") = "SnippetDesigner", "SnippetDesigner\SnippetDesigner.csproj", "{1508F8F3-74F4-4ABD-B553-DF359ACFF483}"
EndProject
Project("{2150E333-8FDC-42A3-9474-1A3956D46DE8}") = "Solution Items", "Solution Items", "{65929F74-BC2F-4D95-9235-A3C9204ADA93}"
	ProjectSection(SolutionItems) = preProject
		..\.gitignore = ..\.gitignore
		..\License.txt = ..\License.txt
		tools\PrivateGallery.ps1 = tools\PrivateGallery.ps1
		..\readme.md = ..\readme.md
	EndProjectSection
EndProject
Global
	GlobalSection(SolutionConfigurationPlatforms) = preSolution
		Debug|Any CPU = Debug|Any CPU
		Release|Any CPU = Release|Any CPU
	EndGlobalSection
	GlobalSection(ProjectConfigurationPlatforms) = postSolution
		{F49D29B5-63FE-4A5E-B20C-D7B785FCE9BC}.Debug|Any CPU.ActiveCfg = Debug|Any CPU
		{F49D29B5-63FE-4A5E-B20C-D7B785FCE9BC}.Debug|Any CPU.Build.0 = Debug|Any CPU
		{F49D29B5-63FE-4A5E-B20C-D7B785FCE9BC}.Release|Any CPU.ActiveCfg = Release|Any CPU
		{F49D29B5-63FE-4A5E-B20C-D7B785FCE9BC}.Release|Any CPU.Build.0 = Release|Any CPU
		{05A6F322-8297-4D9F-B91C-5B77CA1064D8}.Debug|Any CPU.ActiveCfg = Debug|Any CPU
		{05A6F322-8297-4D9F-B91C-5B77CA1064D8}.Debug|Any CPU.Build.0 = Debug|Any CPU
		{05A6F322-8297-4D9F-B91C-5B77CA1064D8}.Release|Any CPU.ActiveCfg = Release|Any CPU
		{05A6F322-8297-4D9F-B91C-5B77CA1064D8}.Release|Any CPU.Build.0 = Release|Any CPU
		{1508F8F3-74F4-4ABD-B553-DF359ACFF483}.Debug|Any CPU.ActiveCfg = Debug|Any CPU
		{1508F8F3-74F4-4ABD-B553-DF359ACFF483}.Debug|Any CPU.Build.0 = Debug|Any CPU
		{1508F8F3-74F4-4ABD-B553-DF359ACFF483}.Release|Any CPU.ActiveCfg = Release|Any CPU
		{1508F8F3-74F4-4ABD-B553-DF359ACFF483}.Release|Any CPU.Build.0 = Release|Any CPU
	EndGlobalSection
	GlobalSection(SolutionProperties) = preSolution
		HideSolutionNode = FALSE
	EndGlobalSection
	GlobalSection(ExtensibilityGlobals) = postSolution
		SolutionGuid = {096710CE-B928-4728-9E8A-F216242FDCBC}
	EndGlobalSection
EndGlobal
